// !$*UTF8*$!
{
	archiveVersion = 1;
	classes = {
	};
	objectVersion = 50;
	objects = {

/* Begin PBXBuildFile section */
		1B16BA8726314555000CA3C5 /* UIFont+Extension.swift in Sources */ = {isa = PBXBuildFile; fileRef = 1B16BA7B26314555000CA3C5 /* UIFont+Extension.swift */; };
		1B16BA8826314555000CA3C5 /* UIColor+Extension.swift in Sources */ = {isa = PBXBuildFile; fileRef = 1B16BA7C26314555000CA3C5 /* UIColor+Extension.swift */; };
		1B16BA8B26314555000CA3C5 /* DtacStyleButton.swift in Sources */ = {isa = PBXBuildFile; fileRef = 1B16BA7F26314555000CA3C5 /* DtacStyleButton.swift */; };
		1B16BA8C26314555000CA3C5 /* DTAC2018-BoldItalic.otf in Resources */ = {isa = PBXBuildFile; fileRef = 1B16BA8126314555000CA3C5 /* DTAC2018-BoldItalic.otf */; };
		1B16BA8D26314555000CA3C5 /* DTAC2018-Light.otf in Resources */ = {isa = PBXBuildFile; fileRef = 1B16BA8226314555000CA3C5 /* DTAC2018-Light.otf */; };
		1B16BA8E26314555000CA3C5 /* DTAC2018-Bold.otf in Resources */ = {isa = PBXBuildFile; fileRef = 1B16BA8326314555000CA3C5 /* DTAC2018-Bold.otf */; };
		1B16BA8F26314555000CA3C5 /* DTAC2018-Regular.otf in Resources */ = {isa = PBXBuildFile; fileRef = 1B16BA8426314555000CA3C5 /* DTAC2018-Regular.otf */; };
		1B16BA9026314555000CA3C5 /* DTAC2018-Italic.otf in Resources */ = {isa = PBXBuildFile; fileRef = 1B16BA8526314555000CA3C5 /* DTAC2018-Italic.otf */; };
		1B16BA9126314555000CA3C5 /* DTAC2018-LightItalic.otf in Resources */ = {isa = PBXBuildFile; fileRef = 1B16BA8626314555000CA3C5 /* DTAC2018-LightItalic.otf */; };
		1B16BA9F26314740000CA3C5 /* DtacTextFieldShowCaseViewController.swift in Sources */ = {isa = PBXBuildFile; fileRef = 1B16BA9E26314740000CA3C5 /* DtacTextFieldShowCaseViewController.swift */; };
		1B1AED4B263145120004ACD5 /* AppDelegate.swift in Sources */ = {isa = PBXBuildFile; fileRef = 1B1AED4A263145120004ACD5 /* AppDelegate.swift */; };
		1B1AED4D263145120004ACD5 /* SceneDelegate.swift in Sources */ = {isa = PBXBuildFile; fileRef = 1B1AED4C263145120004ACD5 /* SceneDelegate.swift */; };
		1B1AED52263145120004ACD5 /* Main.storyboard in Resources */ = {isa = PBXBuildFile; fileRef = 1B1AED50263145120004ACD5 /* Main.storyboard */; };
		1B1AED54263145130004ACD5 /* Assets.xcassets in Resources */ = {isa = PBXBuildFile; fileRef = 1B1AED53263145130004ACD5 /* Assets.xcassets */; };
		1B1AED57263145130004ACD5 /* LaunchScreen.storyboard in Resources */ = {isa = PBXBuildFile; fileRef = 1B1AED55263145130004ACD5 /* LaunchScreen.storyboard */; };
		1BC2B70226316D710017E2BE /* ViewController.swift in Sources */ = {isa = PBXBuildFile; fileRef = 1BC2B70126316D710017E2BE /* ViewController.swift */; };
		1BC2B70C26316EB60017E2BE /* UIView+Extension.swift in Sources */ = {isa = PBXBuildFile; fileRef = 1BC2B70A26316EB60017E2BE /* UIView+Extension.swift */; };
		1BC2B71526316FAE0017E2BE /* dtacTextField.swift in Sources */ = {isa = PBXBuildFile; fileRef = 1BC2B71426316FAE0017E2BE /* dtacTextField.swift */; };
/* End PBXBuildFile section */

/* Begin PBXFileReference section */
		1B16BA7B26314555000CA3C5 /* UIFont+Extension.swift */ = {isa = PBXFileReference; fileEncoding = 4; lastKnownFileType = sourcecode.swift; path = "UIFont+Extension.swift"; sourceTree = "<group>"; };
		1B16BA7C26314555000CA3C5 /* UIColor+Extension.swift */ = {isa = PBXFileReference; fileEncoding = 4; lastKnownFileType = sourcecode.swift; path = "UIColor+Extension.swift"; sourceTree = "<group>"; };
		1B16BA7F26314555000CA3C5 /* DtacStyleButton.swift */ = {isa = PBXFileReference; fileEncoding = 4; lastKnownFileType = sourcecode.swift; path = DtacStyleButton.swift; sourceTree = "<group>"; };
		1B16BA8126314555000CA3C5 /* DTAC2018-BoldItalic.otf */ = {isa = PBXFileReference; lastKnownFileType = file; path = "DTAC2018-BoldItalic.otf"; sourceTree = "<group>"; };
		1B16BA8226314555000CA3C5 /* DTAC2018-Light.otf */ = {isa = PBXFileReference; lastKnownFileType = file; path = "DTAC2018-Light.otf"; sourceTree = "<group>"; };
		1B16BA8326314555000CA3C5 /* DTAC2018-Bold.otf */ = {isa = PBXFileReference; lastKnownFileType = file; path = "DTAC2018-Bold.otf"; sourceTree = "<group>"; };
		1B16BA8426314555000CA3C5 /* DTAC2018-Regular.otf */ = {isa = PBXFileReference; lastKnownFileType = file; path = "DTAC2018-Regular.otf"; sourceTree = "<group>"; };
		1B16BA8526314555000CA3C5 /* DTAC2018-Italic.otf */ = {isa = PBXFileReference; lastKnownFileType = file; path = "DTAC2018-Italic.otf"; sourceTree = "<group>"; };
		1B16BA8626314555000CA3C5 /* DTAC2018-LightItalic.otf */ = {isa = PBXFileReference; lastKnownFileType = file; path = "DTAC2018-LightItalic.otf"; sourceTree = "<group>"; };
		1B16BA9E26314740000CA3C5 /* DtacTextFieldShowCaseViewController.swift */ = {isa = PBXFileReference; lastKnownFileType = sourcecode.swift; path = DtacTextFieldShowCaseViewController.swift; sourceTree = "<group>"; };
		1B1AED47263145120004ACD5 /* component.app */ = {isa = PBXFileReference; explicitFileType = wrapper.application; includeInIndex = 0; path = component.app; sourceTree = BUILT_PRODUCTS_DIR; };
		1B1AED4A263145120004ACD5 /* AppDelegate.swift */ = {isa = PBXFileReference; lastKnownFileType = sourcecode.swift; path = AppDelegate.swift; sourceTree = "<group>"; };
		1B1AED4C263145120004ACD5 /* SceneDelegate.swift */ = {isa = PBXFileReference; lastKnownFileType = sourcecode.swift; path = SceneDelegate.swift; sourceTree = "<group>"; };
		1B1AED51263145120004ACD5 /* Base */ = {isa = PBXFileReference; lastKnownFileType = file.storyboard; name = Base; path = Base.lproj/Main.storyboard; sourceTree = "<group>"; };
		1B1AED53263145130004ACD5 /* Assets.xcassets */ = {isa = PBXFileReference; lastKnownFileType = folder.assetcatalog; path = Assets.xcassets; sourceTree = "<group>"; };
		1B1AED56263145130004ACD5 /* Base */ = {isa = PBXFileReference; lastKnownFileType = file.storyboard; name = Base; path = Base.lproj/LaunchScreen.storyboard; sourceTree = "<group>"; };
		1B1AED58263145130004ACD5 /* Info.plist */ = {isa = PBXFileReference; lastKnownFileType = text.plist.xml; path = Info.plist; sourceTree = "<group>"; };
		1BC2B70126316D710017E2BE /* ViewController.swift */ = {isa = PBXFileReference; lastKnownFileType = sourcecode.swift; path = ViewController.swift; sourceTree = "<group>"; };
		1BC2B70A26316EB60017E2BE /* UIView+Extension.swift */ = {isa = PBXFileReference; fileEncoding = 4; lastKnownFileType = sourcecode.swift; path = "UIView+Extension.swift"; sourceTree = "<group>"; };
		1BC2B71426316FAE0017E2BE /* dtacTextField.swift */ = {isa = PBXFileReference; fileEncoding = 4; lastKnownFileType = sourcecode.swift; path = dtacTextField.swift; sourceTree = "<group>"; };
/* End PBXFileReference section */

/* Begin PBXFrameworksBuildPhase section */
		1B1AED44263145120004ACD5 /* Frameworks */ = {
			isa = PBXFrameworksBuildPhase;
			buildActionMask = 2147483647;
			files = (
			);
			runOnlyForDeploymentPostprocessing = 0;
		};
/* End PBXFrameworksBuildPhase section */

/* Begin PBXGroup section */
		1B16BA7A26314555000CA3C5 /* source */ = {
			isa = PBXGroup;
			children = (
				1BC2B71326316FA20017E2BE /* dtacTextField */,
				1B16BA8026314555000CA3C5 /* fonts */,
				1B16BA7B26314555000CA3C5 /* UIFont+Extension.swift */,
				1B16BA7C26314555000CA3C5 /* UIColor+Extension.swift */,
				1B16BA7F26314555000CA3C5 /* DtacStyleButton.swift */,
				1BC2B70A26316EB60017E2BE /* UIView+Extension.swift */,
			);
			path = source;
			sourceTree = "<group>";
		};
		1B16BA8026314555000CA3C5 /* fonts */ = {
			isa = PBXGroup;
			children = (
				1B16BA8126314555000CA3C5 /* DTAC2018-BoldItalic.otf */,
				1B16BA8226314555000CA3C5 /* DTAC2018-Light.otf */,
				1B16BA8326314555000CA3C5 /* DTAC2018-Bold.otf */,
				1B16BA8426314555000CA3C5 /* DTAC2018-Regular.otf */,
				1B16BA8526314555000CA3C5 /* DTAC2018-Italic.otf */,
				1B16BA8626314555000CA3C5 /* DTAC2018-LightItalic.otf */,
			);
			path = fonts;
			sourceTree = "<group>";
		};
		1B1AED3E263145120004ACD5 = {
			isa = PBXGroup;
			children = (
				1B1AED49263145120004ACD5 /* component */,
				1B1AED48263145120004ACD5 /* Products */,
			);
			sourceTree = "<group>";
		};
		1B1AED48263145120004ACD5 /* Products */ = {
			isa = PBXGroup;
			children = (
				1B1AED47263145120004ACD5 /* component.app */,
			);
			name = Products;
			sourceTree = "<group>";
		};
		1B1AED49263145120004ACD5 /* component */ = {
			isa = PBXGroup;
			children = (
				1B16BA7A26314555000CA3C5 /* source */,
				1B1AED4A263145120004ACD5 /* AppDelegate.swift */,
				1B1AED4C263145120004ACD5 /* SceneDelegate.swift */,
				1BC2B70126316D710017E2BE /* ViewController.swift */,
				1B16BA9E26314740000CA3C5 /* DtacTextFieldShowCaseViewController.swift */,
				1B1AED50263145120004ACD5 /* Main.storyboard */,
				1B1AED53263145130004ACD5 /* Assets.xcassets */,
				1B1AED55263145130004ACD5 /* LaunchScreen.storyboard */,
				1B1AED58263145130004ACD5 /* Info.plist */,
			);
			path = component;
			sourceTree = "<group>";
		};
		1BC2B71326316FA20017E2BE /* dtacTextField */ = {
			isa = PBXGroup;
			children = (
				1BC2B71426316FAE0017E2BE /* dtacTextField.swift */,
			);
			path = dtacTextField;
			sourceTree = "<group>";
		};
/* End PBXGroup section */

/* Begin PBXNativeTarget section */
		1B1AED46263145120004ACD5 /* component */ = {
			isa = PBXNativeTarget;
			buildConfigurationList = 1B1AED71263145130004ACD5 /* Build configuration list for PBXNativeTarget "component" */;
			buildPhases = (
				1B1AED43263145120004ACD5 /* Sources */,
				1B1AED44263145120004ACD5 /* Frameworks */,
				1B1AED45263145120004ACD5 /* Resources */,
			);
			buildRules = (
			);
			dependencies = (
			);
			name = component;
			productName = component;
			productReference = 1B1AED47263145120004ACD5 /* component.app */;
			productType = "com.apple.product-type.application";
		};
/* End PBXNativeTarget section */

/* Begin PBXProject section */
		1B1AED3F263145120004ACD5 /* Project object */ = {
			isa = PBXProject;
			attributes = {
				LastSwiftUpdateCheck = 1240;
				LastUpgradeCheck = 1240;
				TargetAttributes = {
					1B1AED46263145120004ACD5 = {
						CreatedOnToolsVersion = 12.4;
					};
				};
			};
			buildConfigurationList = 1B1AED42263145120004ACD5 /* Build configuration list for PBXProject "component" */;
			compatibilityVersion = "Xcode 9.3";
			developmentRegion = en;
			hasScannedForEncodings = 0;
			knownRegions = (
				en,
				Base,
			);
			mainGroup = 1B1AED3E263145120004ACD5;
			productRefGroup = 1B1AED48263145120004ACD5 /* Products */;
			projectDirPath = "";
			projectRoot = "";
			targets = (
				1B1AED46263145120004ACD5 /* component */,
			);
		};
/* End PBXProject section */

/* Begin PBXResourcesBuildPhase section */
		1B1AED45263145120004ACD5 /* Resources */ = {
			isa = PBXResourcesBuildPhase;
			buildActionMask = 2147483647;
			files = (
				1B1AED57263145130004ACD5 /* LaunchScreen.storyboard in Resources */,
				1B16BA8E26314555000CA3C5 /* DTAC2018-Bold.otf in Resources */,
				1B16BA8C26314555000CA3C5 /* DTAC2018-BoldItalic.otf in Resources */,
				1B1AED54263145130004ACD5 /* Assets.xcassets in Resources */,
				1B16BA9126314555000CA3C5 /* DTAC2018-LightItalic.otf in Resources */,
				1B16BA9026314555000CA3C5 /* DTAC2018-Italic.otf in Resources */,
				1B1AED52263145120004ACD5 /* Main.storyboard in Resources */,
				1B16BA8F26314555000CA3C5 /* DTAC2018-Regular.otf in Resources */,
				1B16BA8D26314555000CA3C5 /* DTAC2018-Light.otf in Resources */,
			);
			runOnlyForDeploymentPostprocessing = 0;
		};
/* End PBXResourcesBuildPhase section */

/* Begin PBXSourcesBuildPhase section */
		1B1AED43263145120004ACD5 /* Sources */ = {
			isa = PBXSourcesBuildPhase;
			buildActionMask = 2147483647;
			files = (
				1BC2B70226316D710017E2BE /* ViewController.swift in Sources */,
				1B16BA8B26314555000CA3C5 /* DtacStyleButton.swift in Sources */,
				1BC2B70C26316EB60017E2BE /* UIView+Extension.swift in Sources */,
				1BC2B71526316FAE0017E2BE /* dtacTextField.swift in Sources */,
				1B1AED4B263145120004ACD5 /* AppDelegate.swift in Sources */,
				1B16BA8726314555000CA3C5 /* UIFont+Extension.swift in Sources */,
				1B16BA9F26314740000CA3C5 /* DtacTextFieldShowCaseViewController.swift in Sources */,
				1B1AED4D263145120004ACD5 /* SceneDelegate.swift in Sources */,
				1B16BA8826314555000CA3C5 /* UIColor+Extension.swift in Sources */,
			);
			runOnlyForDeploymentPostprocessing = 0;
		};
/* End PBXSourcesBuildPhase section */

/* Begin PBXVariantGroup section */
		1B1AED50263145120004ACD5 /* Main.storyboard */ = {
			isa = PBXVariantGroup;
			children = (
				1B1AED51263145120004ACD5 /* Base */,
			);
			name = Main.storyboard;
			sourceTree = "<group>";
		};
		1B1AED55263145130004ACD5 /* LaunchScreen.storyboard */ = {
			isa = PBXVariantGroup;
			children = (
				1B1AED56263145130004ACD5 /* Base */,
			);
			name = LaunchScreen.storyboard;
			sourceTree = "<group>";
		};
/* End PBXVariantGroup section */

/* Begin XCBuildConfiguration section */
		1B1AED6F263145130004ACD5 /* Debug */ = {
			isa = XCBuildConfiguration;
			buildSettings = {
				ALWAYS_SEARCH_USER_PATHS = NO;
				CLANG_ANALYZER_NONNULL = YES;
				CLANG_ANALYZER_NUMBER_OBJECT_CONVERSION = YES_AGGRESSIVE;
				CLANG_CXX_LANGUAGE_STANDARD = "gnu++14";
				CLANG_CXX_LIBRARY = "libc++";
				CLANG_ENABLE_MODULES = YES;
				CLANG_ENABLE_OBJC_ARC = YES;
				CLANG_ENABLE_OBJC_WEAK = YES;
				CLANG_WARN_BLOCK_CAPTURE_AUTORELEASING = YES;
				CLANG_WARN_BOOL_CONVERSION = YES;
				CLANG_WARN_COMMA = YES;
				CLANG_WARN_CONSTANT_CONVERSION = YES;
				CLANG_WARN_DEPRECATED_OBJC_IMPLEMENTATIONS = YES;
				CLANG_WARN_DIRECT_OBJC_ISA_USAGE = YES_ERROR;
				CLANG_WARN_DOCUMENTATION_COMMENTS = YES;
				CLANG_WARN_EMPTY_BODY = YES;
				CLANG_WARN_ENUM_CONVERSION = YES;
				CLANG_WARN_INFINITE_RECURSION = YES;
				CLANG_WARN_INT_CONVERSION = YES;
				CLANG_WARN_NON_LITERAL_NULL_CONVERSION = YES;
				CLANG_WARN_OBJC_IMPLICIT_RETAIN_SELF = YES;
				CLANG_WARN_OBJC_LITERAL_CONVERSION = YES;
				CLANG_WARN_OBJC_ROOT_CLASS = YES_ERROR;
				CLANG_WARN_QUOTED_INCLUDE_IN_FRAMEWORK_HEADER = YES;
				CLANG_WARN_RANGE_LOOP_ANALYSIS = YES;
				CLANG_WARN_STRICT_PROTOTYPES = YES;
				CLANG_WARN_SUSPICIOUS_MOVE = YES;
				CLANG_WARN_UNGUARDED_AVAILABILITY = YES_AGGRESSIVE;
				CLANG_WARN_UNREACHABLE_CODE = YES;
				CLANG_WARN__DUPLICATE_METHOD_MATCH = YES;
				COPY_PHASE_STRIP = NO;
				DEBUG_INFORMATION_FORMAT = dwarf;
				ENABLE_STRICT_OBJC_MSGSEND = YES;
				ENABLE_TESTABILITY = YES;
				GCC_C_LANGUAGE_STANDARD = gnu11;
				GCC_DYNAMIC_NO_PIC = NO;
				GCC_NO_COMMON_BLOCKS = YES;
				GCC_OPTIMIZATION_LEVEL = 0;
				GCC_PREPROCESSOR_DEFINITIONS = (
					"DEBUG=1",
					"$(inherited)",
				);
				GCC_WARN_64_TO_32_BIT_CONVERSION = YES;
				GCC_WARN_ABOUT_RETURN_TYPE = YES_ERROR;
				GCC_WARN_UNDECLARED_SELECTOR = YES;
				GCC_WARN_UNINITIALIZED_AUTOS = YES_AGGRESSIVE;
				GCC_WARN_UNUSED_FUNCTION = YES;
				GCC_WARN_UNUSED_VARIABLE = YES;
				IPHONEOS_DEPLOYMENT_TARGET = 14.4;
				MTL_ENABLE_DEBUG_INFO = INCLUDE_SOURCE;
				MTL_FAST_MATH = YES;
				ONLY_ACTIVE_ARCH = YES;
				SDKROOT = iphoneos;
				SWIFT_ACTIVE_COMPILATION_CONDITIONS = DEBUG;
				SWIFT_OPTIMIZATION_LEVEL = "-Onone";
			};
			name = Debug;
		};
		1B1AED70263145130004ACD5 /* Release */ = {
			isa = XCBuildConfiguration;
			buildSettings = {
				ALWAYS_SEARCH_USER_PATHS = NO;
				CLANG_ANALYZER_NONNULL = YES;
				CLANG_ANALYZER_NUMBER_OBJECT_CONVERSION = YES_AGGRESSIVE;
				CLANG_CXX_LANGUAGE_STANDARD = "gnu++14";
				CLANG_CXX_LIBRARY = "libc++";
				CLANG_ENABLE_MODULES = YES;
				CLANG_ENABLE_OBJC_ARC = YES;
				CLANG_ENABLE_OBJC_WEAK = YES;
				CLANG_WARN_BLOCK_CAPTURE_AUTORELEASING = YES;
				CLANG_WARN_BOOL_CONVERSION = YES;
				CLANG_WARN_COMMA = YES;
				CLANG_WARN_CONSTANT_CONVERSION = YES;
				CLANG_WARN_DEPRECATED_OBJC_IMPLEMENTATIONS = YES;
				CLANG_WARN_DIRECT_OBJC_ISA_USAGE = YES_ERROR;
				CLANG_WARN_DOCUMENTATION_COMMENTS = YES;
				CLANG_WARN_EMPTY_BODY = YES;
				CLANG_WARN_ENUM_CONVERSION = YES;
				CLANG_WARN_INFINITE_RECURSION = YES;
				CLANG_WARN_INT_CONVERSION = YES;
				CLANG_WARN_NON_LITERAL_NULL_CONVERSION = YES;
				CLANG_WARN_OBJC_IMPLICIT_RETAIN_SELF = YES;
				CLANG_WARN_OBJC_LITERAL_CONVERSION = YES;
				CLANG_WARN_OBJC_ROOT_CLASS = YES_ERROR;
				CLANG_WARN_QUOTED_INCLUDE_IN_FRAMEWORK_HEADER = YES;
				CLANG_WARN_RANGE_LOOP_ANALYSIS = YES;
				CLANG_WARN_STRICT_PROTOTYPES = YES;
				CLANG_WARN_SUSPICIOUS_MOVE = YES;
				CLANG_WARN_UNGUARDED_AVAILABILITY = YES_AGGRESSIVE;
				CLANG_WARN_UNREACHABLE_CODE = YES;
				CLANG_WARN__DUPLICATE_METHOD_MATCH = YES;
				COPY_PHASE_STRIP = NO;
				DEBUG_INFORMATION_FORMAT = "dwarf-with-dsym";
				ENABLE_NS_ASSERTIONS = NO;
				ENABLE_STRICT_OBJC_MSGSEND = YES;
				GCC_C_LANGUAGE_STANDARD = gnu11;
				GCC_NO_COMMON_BLOCKS = YES;
				GCC_WARN_64_TO_32_BIT_CONVERSION = YES;
				GCC_WARN_ABOUT_RETURN_TYPE = YES_ERROR;
				GCC_WARN_UNDECLARED_SELECTOR = YES;
				GCC_WARN_UNINITIALIZED_AUTOS = YES_AGGRESSIVE;
				GCC_WARN_UNUSED_FUNCTION = YES;
				GCC_WARN_UNUSED_VARIABLE = YES;
				IPHONEOS_DEPLOYMENT_TARGET = 14.4;
				MTL_ENABLE_DEBUG_INFO = NO;
				MTL_FAST_MATH = YES;
				SDKROOT = iphoneos;
				SWIFT_COMPILATION_MODE = wholemodule;
				SWIFT_OPTIMIZATION_LEVEL = "-O";
				VALIDATE_PRODUCT = YES;
			};
			name = Release;
		};
		1B1AED72263145130004ACD5 /* Debug */ = {
			isa = XCBuildConfiguration;
			buildSettings = {
				ASSETCATALOG_COMPILER_APPICON_NAME = AppIcon;
				ASSETCATALOG_COMPILER_GLOBAL_ACCENT_COLOR_NAME = AccentColor;
				CODE_SIGN_STYLE = Automatic;
				DEVELOPMENT_TEAM = GVCE92US57;
				INFOPLIST_FILE = component/Info.plist;
				LD_RUNPATH_SEARCH_PATHS = (
					"$(inherited)",
					"@executable_path/Frameworks",
				);
				PRODUCT_BUNDLE_IDENTIFIER = th.co.dtac.component.component;
				PRODUCT_NAME = "$(TARGET_NAME)";
				SWIFT_VERSION = 5.0;
				TARGETED_DEVICE_FAMILY = "1,2";
			};
			name = Debug;
		};
		1B1AED73263145130004ACD5 /* Release */ = {
			isa = XCBuildConfiguration;
			buildSettings = {
				ASSETCATALOG_COMPILER_APPICON_NAME = AppIcon;
				ASSETCATALOG_COMPILER_GLOBAL_ACCENT_COLOR_NAME = AccentColor;
				CODE_SIGN_STYLE = Automatic;
				DEVELOPMENT_TEAM = GVCE92US57;
				INFOPLIST_FILE = component/Info.plist;
				LD_RUNPATH_SEARCH_PATHS = (
					"$(inherited)",
					"@executable_path/Frameworks",
				);
				PRODUCT_BUNDLE_IDENTIFIER = th.co.dtac.component.component;
				PRODUCT_NAME = "$(TARGET_NAME)";
				SWIFT_VERSION = 5.0;
				TARGETED_DEVICE_FAMILY = "1,2";
			};
			name = Release;
		};
/* End XCBuildConfiguration section */

/* Begin XCConfigurationList section */
		1B1AED42263145120004ACD5 /* Build configuration list for PBXProject "component" */ = {
			isa = XCConfigurationList;
			buildConfigurations = (
				1B1AED6F263145130004ACD5 /* Debug */,
				1B1AED70263145130004ACD5 /* Release */,
			);
			defaultConfigurationIsVisible = 0;
			defaultConfigurationName = Release;
		};
		1B1AED71263145130004ACD5 /* Build configuration list for PBXNativeTarget "component" */ = {
			isa = XCConfigurationList;
			buildConfigurations = (
				1B1AED72263145130004ACD5 /* Debug */,
				1B1AED73263145130004ACD5 /* Release */,
			);
			defaultConfigurationIsVisible = 0;
			defaultConfigurationName = Release;
		};
/* End XCConfigurationList section */
	};
	rootObject = 1B1AED3F263145120004ACD5 /* Project object */;
}
